
Microsoft Visual Studio Solution File, Format Version 12.00
# Visual Studio Version 17
VisualStudioVersion = 17.6.33829.357
MinimumVisualStudioVersion = 10.0.40219.1
Project("{FAE04EC0-301F-11D3-BF4B-00C04F79EFBC}") = "Basic", "Basic\Basic.csproj", "{6C5DE616-99D0-42BF-B51A-2909ECE98FCA}"
EndProject
Global
	GlobalSection(SolutionConfigurationPlatforms) = preSolution
		Debug|Any CPU = Debug|Any CPU
		Release|Any CPU = Release|Any CPU
	EndGlobalSection
	GlobalSection(ProjectConfigurationPlatforms) = postSolution
		{6C5DE616-99D0-42BF-B51A-2909ECE98FCA}.Debug|Any CPU.ActiveCfg = Debug|Any CPU
		{6C5DE616-99D0-42BF-B51A-2909ECE98FCA}.Debug|Any CPU.Build.0 = Debug|Any CPU
		{6C5DE616-99D0-42BF-B51A-2909ECE98FCA}.Release|Any CPU.ActiveCfg = Release|Any CPU
		{6C5DE616-99D0-42BF-B51A-2909ECE98FCA}.Release|Any CPU.Build.0 = Release|Any CPU
	EndGlobalSection
	GlobalSection(SolutionProperties) = preSolution
		HideSolutionNode = FALSE
	EndGlobalSection
	GlobalSection(ExtensibilityGlobals) = postSolution
		SolutionGuid = {DBD320A9-8439-467D-9C55-CDE3CECDC244}
	EndGlobalSection
EndGlobal
